lockfileVersion: '9.0'

settings:
  autoInstallPeers: true
  excludeLinksFromLockfile: false

overrides:
  ffi-rs: 1.3.2
  '@yuuang/ffi-rs-linux-x64-gnu': 1.3.2
  '@yuuang/ffi-rs-linux-x64-musl': 1.3.2
  '@yuuang/ffi-rs-linux-arm64-gnu': 1.3.2
  '@yuuang/ffi-rs-linux-arm64-musl': 1.3.2
  '@yuuang/ffi-rs-darwin-x64': 1.3.2
  '@yuuang/ffi-rs-darwin-arm64': 1.3.2
  '@yuuang/ffi-rs-win32-x64-msvc': 1.3.2
  '@yuuang/ffi-rs-win32-arm64-msvc': 1.3.2

patchedDependencies:
  '@ff-labs/fff-node@0.9.4': c4e3cc2420ceb9dc650f9d189e9c24baf7e83f342998bacda5f459a4ce7927a8
  node-pty@1.2.0-beta.15: f2fe901c61cde17986240002d05c172d5d0272d83ffaab8d0ebeb922763be414

importers:

  .:
    dependencies:
      '@ff-labs/fff-node':
        specifier: 0.9.4
        version: 0.9.4(patch_hash=c4e3cc2420ceb9dc650f9d189e9c24baf7e83f342998bacda5f459a4ce7927a8)
      '@napi-rs/keyring':
        specifier: 1.3.0
        version: 1.3.0
      node-pty:
        specifier: 1.2.0-beta.15
        version: 1.2.0-beta.15(patch_hash=f2fe901c61cde17986240002d05c172d5d0272d83ffaab8d0ebeb922763be414)

packages:

  '@ff-labs/fff-bin-darwin-arm64@0.9.4':
    resolution: {integrity: sha512-xyivu2xB++O5xXDx5Qm50JsU2aXt8YgXlGVhH/HE7UMYDrE6L6f1RYdYs8Y0bn0D3D0+bFBrN5ELPszK9E4Wbw==}
    cpu: [arm64]
    os: [darwin]

  '@ff-labs/fff-bin-darwin-x64@0.9.4':
    resolution: {integrity: sha512-xLooAhCnTDCipPSMMZz7kGF3lhRHx6aP5fb6DJ0Ipyw/w/UWJb+xITJFszUl/QnIBoJ/qjDc93/FZMo1dk6gVA==}
    cpu: [x64]
    os: [darwin]

  '@ff-labs/fff-bin-linux-arm64-gnu@0.9.4':
    resolution: {integrity: sha512-m5+8vA+1veaUUWonwva1WsU6m1HRm8CpYUzr06KDB65mewlmPbqz7+Fh7hjEfiD8C4mHVHe6RysULvAH1yhsdw==}
    cpu: [arm64]
    os: [linux]
    libc: [glibc]

  '@ff-labs/fff-bin-linux-arm64-musl@0.9.4':
    resolution: {integrity: sha512-EMeWm7CSTVkizy4ZEzUkLDP024tVcbCUthduuIhekFQRDsiaAze0YboIylWb9HBHJCZlCCoZrWAl4nnJbsX7AA==}
    cpu: [arm64]
    os: [linux]
    libc: [musl]

  '@ff-labs/fff-bin-linux-x64-gnu@0.9.4':
    resolution: {integrity: sha512-pglE0uLkhnlE6bStXqfgUjYTSj+2sVwXaPfoA0QksidAsQor6NRt8004mygzC9DPubgHq5B9QezPfEwigKaP9Q==}
    cpu: [x64]
    os: [linux]
    libc: [glibc]

  '@ff-labs/fff-bin-linux-x64-musl@0.9.4':
    resolution: {integrity: sha512-VNKxgl8qs3aTfXViX7lqRK1aLu311h8dtBFqG4Scv+9Oi7WprybUp5L7IZ8sxKERaDAaiJMXHodXa1c90QdK8w==}
    cpu: [x64]
    os: [linux]
    libc: [musl]

  '@ff-labs/fff-bin-win32-arm64@0.9.4':
    resolution: {integrity: sha512-uFEt0aNL54vQxq1ivjxRuo+thnhS4wLqa4INl4VXnXJUmwB42XXxD+gsj7vzhBLLx4cFf0aWgy/+TVDR8yjZtQ==}
    cpu: [arm64]
    os: [win32]

  '@ff-labs/fff-bin-win32-x64@0.9.4':
    resolution: {integrity: sha512-Yd2Eyxj+slWv+0QDW9/xBpu9FXq+hwD0rXQD5184/88d+xwWCLKhEP2w8I6OO9XCg+kLT79UJb+k0WwXUtBtMw==}
    cpu: [x64]
    os: [win32]

  '@ff-labs/fff-node@0.9.4':
    resolution: {integrity: sha512-yUphwzcVBuNrg1iEAE5XVPOWfCLuq/BE1scUxtHMmLo+e1KuKWBRgSKFXGjNBfL8lV3c5VGwIgK66aBqmhqVBQ==}
    engines: {node: '>=18.0.0'}
    cpu: [x64, arm64]
    os: [darwin, linux, win32]

  '@napi-rs/keyring-darwin-arm64@1.3.0':
    resolution: {integrity: sha512-pl76hJvdYUBn6I24bXiOBMA9nbDapo3I5B+f3OorjDU4dUMSypXeKbOVehJe8fhgTiH24flMyTS3aAIy43xegQ==}
    engines: {node: '>= 10'}
    cpu: [arm64]
    os: [darwin]

  '@napi-rs/keyring-darwin-x64@1.3.0':
    resolution: {integrity: sha512-YcJtEV5LA3cvA4z3BurgxH5IhTsW1JfIvcAAcqcecwk06Si9F9NqkxbZVIfDwQ8oRHgaBmT3zZJnLAotCrVahw==}
    engines: {node: '>= 10'}
    cpu: [x64]
    os: [darwin]

  '@napi-rs/keyring-freebsd-x64@1.3.0':
    resolution: {integrity: sha512-vlLf31TGhfRAaxLDBhg8b89ss0HHD/lyNmL5F3UjSaz5CUXElsJmKYq9fqA/B+cZKUEUcLHHGhF0I/CqcFdaVw==}
    engines: {node: '>= 10'}
    cpu: [x64]
    os: [freebsd]

  '@napi-rs/keyring-linux-arm-gnueabihf@1.3.0':
    resolution: {integrity: sha512-KiWdMMu/Inz/bHHIAGrnF7r54FZDYXuHO6UFF/rhIrshUsxbMG1Rl9lEymNtqqsVo927G0VYcb02FzWQ3iBQRQ==}
    engines: {node: '>= 10'}
    cpu: [arm]
    os: [linux]

  '@napi-rs/keyring-linux-arm64-gnu@1.3.0':
    resolution: {integrity: sha512-eyKGpY40lm9Jvs1aD294XRH4y7+TlJM0YVAryZeXA6TX0mb4gMkxVXwSQv7MCwgah7raeUd0dKUb4BPAYIgcMg==}
    engines: {node: '>= 10'}
    cpu: [arm64]
    os: [linux]
    libc: [glibc]

  '@napi-rs/keyring-linux-arm64-musl@1.3.0':
    resolution: {integrity: sha512-iIK6JWHXAJqDrEyLY3TmswwloVyt2vj+04TZnew+uSJ9gnDO8EwRbp3/iw3LpWaXiDO7VomGO6y8I0Id8uBZSw==}
    engines: {node: '>= 10'}
    cpu: [arm64]
    os: [linux]
    libc: [musl]

  '@napi-rs/keyring-linux-riscv64-gnu@1.3.0':
    resolution: {integrity: sha512-/PGqrwn6EwgtK6vccASSXJRfOSP4vN1F4ASsIQ+7MdrK6hNvAJ1FZPrIuD5gGGdxezo3F++To2Wq7DbuGIeuNQ==}
    engines: {node: '>= 10'}
    cpu: [riscv64]
    os: [linux]
    libc: [glibc]

  '@napi-rs/keyring-linux-x64-gnu@1.3.0':
    resolution: {integrity: sha512-2PDK1WKWTu9lBGq9VvNEkSlQD3O7YwVpmnyN2M3cy4v7NJ/8gDMd9GXv3G+FVXN13uhp4gnnPBS+ScefmEeD2A==}
    engines: {node: '>= 10'}
    cpu: [x64]
    os: [linux]
    libc: [glibc]

  '@napi-rs/keyring-linux-x64-musl@1.3.0':
    resolution: {integrity: sha512-oJ2HkX8YUo46QBkn0pG+HuIKQNqr523q6vBobCn+P95s4C4K6/kLBqHY/1bg5J4ap31DzsznhnFKcfBNBsjCnw==}
    engines: {node: '>= 10'}
    cpu: [x64]
    os: [linux]
    libc: [musl]

  '@napi-rs/keyring-win32-arm64-msvc@1.3.0':
    resolution: {integrity: sha512-tOd3c/uAaeoE4ycVlmAdSvygz0Zt3zdca6Y7gokBeIbaRDWpjDIUOpU3MvML59XAaqyuKGsVVu0F/DZb1lHPmw==}
    engines: {node: '>= 10'}
    cpu: [arm64]
    os: [win32]

  '@napi-rs/keyring-win32-ia32-msvc@1.3.0':
    resolution: {integrity: sha512-sPSqeAFZMGqP1R++M2JTza7GQJJ/TpCo6JU6Vcd4jnebvOaEDs9b7eipakU1PJdSvhpC2yXMCNRk9gXfrhuwHQ==}
    engines: {node: '>= 10'}
    cpu: [ia32]
    os: [win32]

  '@napi-rs/keyring-win32-x64-msvc@1.3.0':
    resolution: {integrity: sha512-4DnCWXwDc0HRKwyRlG5y0VhKZW2tNRQfKKfyj6IX/KWfDNyq9hn4n+GL1auyDcOO/v8PwnhmYo2+rOOqCkvvOg==}
    engines: {node: '>= 10'}
    cpu: [x64]
    os: [win32]

  '@napi-rs/keyring@1.3.0':
    resolution: {integrity: sha512-WrOw/bcXm0f9qHkumlT1QlArXSTWqaY9sunsDpOk+yCCorCKMxvWT/a3xko4EYHVdeZoh00yI2TydXn6eyICDA==}
    engines: {node: '>= 10'}

  '@yuuang/ffi-rs-android-arm64@1.3.2':
    resolution: {integrity: sha512-eDYLT0kVBkp7e2BwdRDmt6N1rkeDPUHDefk3ZX0/nok+GLsqfy1WBoSL3Yg7HVXN1EyW8OBVc2uK8Zq8HbmaSA==}
    engines: {node: '>= 12'}
    cpu: [arm64]
    os: [android]

  '@yuuang/ffi-rs-darwin-arm64@1.3.2':
    resolution: {integrity: sha512-kRdgPaOM6TfuC5wHUwstlatk4HNie2lwSLJWQL2LiAUIJ7+96CoiWUNVhwBcFrhdfxhnWenYS6F668CV0vit8Q==}
    engines: {node: '>= 12'}
    cpu: [arm64]
    os: [darwin]

  '@yuuang/ffi-rs-darwin-x64@1.3.2':
    resolution: {integrity: sha512-O3AlVgre8FQcZRJe44Xs7A6iDLumoPXqbw40+eJCa2gyXaXyLPdHoWrS1W9rBCa1QZRRnG7zRulPVFw8C5uo8g==}
    engines: {node: '>= 12'}
    cpu: [x64]
    os: [darwin]

  '@yuuang/ffi-rs-linux-arm-gnueabihf@1.3.2':
    resolution: {integrity: sha512-IXiNdTbIcTCPny5eeElijFWYeKSJjQWSjt9ZyJNdLHYiB1Np+XD6K7wNZS6EOMgMelhW1kQE62T654skGkVDIA==}
    engines: {node: '>= 12'}
    cpu: [arm]
    os: [linux]

  '@yuuang/ffi-rs-linux-arm64-gnu@1.3.2':
    resolution: {integrity: sha512-gWFO6xufUK9lPYUqDvKa6IR243dPqdetgl9Q7HrZWaDu7wLo06QQrosw8QTzndafQnOcBKm6LoLujmGCfTgJOA==}
    engines: {node: '>= 12'}
    cpu: [arm64]
    os: [linux]
    libc: [glibc]

  '@yuuang/ffi-rs-linux-arm64-musl@1.3.2':
    resolution: {integrity: sha512-lejvOSqypPziQH5rzfkDlJ6e92qhWbDutE9ttOO6z5I2k83zoh9iZhZWhaXSU5VqgQpcshRkrbtXb9gy1ft5dA==}
    engines: {node: '>= 12'}
    cpu: [arm64]
    os: [linux]
    libc: [musl]

  '@yuuang/ffi-rs-linux-x64-gnu@1.3.2':
    resolution: {integrity: sha512-s8VCFazaJKmgY2hgMTpWk4TtBY/zy5ovbaGgwyY0FvBD0YvyhcET4IrMsDJpHhFVTPCYfKZ1dN45clD/YiFp6g==}
    engines: {node: '>= 12'}
    cpu: [x64]
    os: [linux]
    libc: [glibc]

  '@yuuang/ffi-rs-linux-x64-musl@1.3.2':
    resolution: {integrity: sha512-Ahr5chfKZKWUik20bEZRug+be57LZ2yYrtolyjSRoo7A4ZniBUHBZUNWm6TD6i0CJayqyxWeVk/XiaABD8bY0w==}
    engines: {node: '>= 12'}
    cpu: [x64]
    os: [linux]
    libc: [glibc]

  '@yuuang/ffi-rs-win32-arm64-msvc@1.3.2':
    resolution: {integrity: sha512-yhpLcj0qel5VNlpzxPZfNmi7+rEX8444QHjUP6WWLxdRfqPllROu/Cp3OpkBpw3BLdxfcDhWkjWMD5QsJN0Pvg==}
    engines: {node: '>= 12'}
    cpu: [arm64]
    os: [win32]

  '@yuuang/ffi-rs-win32-ia32-msvc@1.3.2':
    resolution: {integrity: sha512-BFVSbdtg/7mJBw5kQFOPKFiA+SF7z3240HpzHN81Umm4Bp4dWkyx0msYn8+Q7/BBJiLQ4F6bi3Nftk58YA9r9w==}
    engines: {node: '>= 12'}
    cpu: [x64, ia32]
    os: [win32]

  '@yuuang/ffi-rs-win32-x64-msvc@1.3.2':
    resolution: {integrity: sha512-ZL5MJ76n2rjwGo26kCWW7wK6QT/cee00Rx8pfW79pz6vM6jqfhoE7zTnwFiw4aOQUes9+HUc5DeeJ3z+Vb9oLg==}
    engines: {node: '>= 12'}
    cpu: [x64]
    os: [win32]

  ffi-rs@1.3.2:
    resolution: {integrity: sha512-4s8dX9VbBw/jd5NOuE3EJRqXaIVdjMyiumeeDzrOhtjQRwp6Bz2za7iksWXTnvTQKV/tTdm1s1w7mObe92zPjQ==}

  node-addon-api@7.1.1:
    resolution: {integrity: sha512-5m3bsyrjFWE1xf7nz7YXdN4udnVtXK6/Yfgn5qnahL6bCkf2yKt4k3nuTKAtT4r3IG8JNR2ncsIMdZuAzJjHQQ==}

  node-pty@1.2.0-beta.15:
    resolution: {integrity: sha512-vORSzHXi4Ofl7HemVWpuudLqCPdaQb4LfpRCUpE5HPxhp4JYscl8zZwxh11p26v2wvW24WMwnMfLjhRLixrfxA==}

snapshots:

  '@ff-labs/fff-bin-darwin-arm64@0.9.4':
    optional: true

  '@ff-labs/fff-bin-darwin-x64@0.9.4':
    optional: true

  '@ff-labs/fff-bin-linux-arm64-gnu@0.9.4':
    optional: true

  '@ff-labs/fff-bin-linux-arm64-musl@0.9.4':
    optional: true

  '@ff-labs/fff-bin-linux-x64-gnu@0.9.4':
    optional: true

  '@ff-labs/fff-bin-linux-x64-musl@0.9.4':
    optional: true

  '@ff-labs/fff-bin-win32-arm64@0.9.4':
    optional: true

  '@ff-labs/fff-bin-win32-x64@0.9.4':
    optional: true

  '@ff-labs/fff-node@0.9.4(patch_hash=c4e3cc2420ceb9dc650f9d189e9c24baf7e83f342998bacda5f459a4ce7927a8)':
    dependencies:
      ffi-rs: 1.3.2
    optionalDependencies:
      '@ff-labs/fff-bin-darwin-arm64': 0.9.4
      '@ff-labs/fff-bin-darwin-x64': 0.9.4
      '@ff-labs/fff-bin-linux-arm64-gnu': 0.9.4
      '@ff-labs/fff-bin-linux-arm64-musl': 0.9.4
      '@ff-labs/fff-bin-linux-x64-gnu': 0.9.4
      '@ff-labs/fff-bin-linux-x64-musl': 0.9.4
      '@ff-labs/fff-bin-win32-arm64': 0.9.4
      '@ff-labs/fff-bin-win32-x64': 0.9.4

  '@napi-rs/keyring-darwin-arm64@1.3.0':
    optional: true

  '@napi-rs/keyring-darwin-x64@1.3.0':
    optional: true

  '@napi-rs/keyring-freebsd-x64@1.3.0':
    optional: true

  '@napi-rs/keyring-linux-arm-gnueabihf@1.3.0':
    optional: true

  '@napi-rs/keyring-linux-arm64-gnu@1.3.0':
    optional: true

  '@napi-rs/keyring-linux-arm64-musl@1.3.0':
    optional: true

  '@napi-rs/keyring-linux-riscv64-gnu@1.3.0':
    optional: true

  '@napi-rs/keyring-linux-x64-gnu@1.3.0':
    optional: true

  '@napi-rs/keyring-linux-x64-musl@1.3.0':
    optional: true

  '@napi-rs/keyring-win32-arm64-msvc@1.3.0':
    optional: true

  '@napi-rs/keyring-win32-ia32-msvc@1.3.0':
    optional: true

  '@napi-rs/keyring-win32-x64-msvc@1.3.0':
    optional: true

  '@napi-rs/keyring@1.3.0':
    optionalDependencies:
      '@napi-rs/keyring-darwin-arm64': 1.3.0
      '@napi-rs/keyring-darwin-x64': 1.3.0
      '@napi-rs/keyring-freebsd-x64': 1.3.0
      '@napi-rs/keyring-linux-arm-gnueabihf': 1.3.0
      '@napi-rs/keyring-linux-arm64-gnu': 1.3.0
      '@napi-rs/keyring-linux-arm64-musl': 1.3.0
      '@napi-rs/keyring-linux-riscv64-gnu': 1.3.0
      '@napi-rs/keyring-linux-x64-gnu': 1.3.0
      '@napi-rs/keyring-linux-x64-musl': 1.3.0
      '@napi-rs/keyring-win32-arm64-msvc': 1.3.0
      '@napi-rs/keyring-win32-ia32-msvc': 1.3.0
      '@napi-rs/keyring-win32-x64-msvc': 1.3.0

  '@yuuang/ffi-rs-android-arm64@1.3.2':
    optional: true

  '@yuuang/ffi-rs-darwin-arm64@1.3.2':
    optional: true

  '@yuuang/ffi-rs-darwin-x64@1.3.2':
    optional: true

  '@yuuang/ffi-rs-linux-arm-gnueabihf@1.3.2':
    optional: true

  '@yuuang/ffi-rs-linux-arm64-gnu@1.3.2':
    optional: true

  '@yuuang/ffi-rs-linux-arm64-musl@1.3.2':
    optional: true

  '@yuuang/ffi-rs-linux-x64-gnu@1.3.2':
    optional: true

  '@yuuang/ffi-rs-linux-x64-musl@1.3.2':
    optional: true

  '@yuuang/ffi-rs-win32-arm64-msvc@1.3.2':
    optional: true

  '@yuuang/ffi-rs-win32-ia32-msvc@1.3.2':
    optional: true

  '@yuuang/ffi-rs-win32-x64-msvc@1.3.2':
    optional: true

  ffi-rs@1.3.2:
    optionalDependencies:
      '@yuuang/ffi-rs-android-arm64': 1.3.2
      '@yuuang/ffi-rs-darwin-arm64': 1.3.2
      '@yuuang/ffi-rs-darwin-x64': 1.3.2
      '@yuuang/ffi-rs-linux-arm-gnueabihf': 1.3.2
      '@yuuang/ffi-rs-linux-arm64-gnu': 1.3.2
      '@yuuang/ffi-rs-linux-arm64-musl': 1.3.2
      '@yuuang/ffi-rs-linux-x64-gnu': 1.3.2
      '@yuuang/ffi-rs-linux-x64-musl': 1.3.2
      '@yuuang/ffi-rs-win32-arm64-msvc': 1.3.2
      '@yuuang/ffi-rs-win32-ia32-msvc': 1.3.2
      '@yuuang/ffi-rs-win32-x64-msvc': 1.3.2

  node-addon-api@7.1.1: {}

  node-pty@1.2.0-beta.15(patch_hash=f2fe901c61cde17986240002d05c172d5d0272d83ffaab8d0ebeb922763be414):
    dependencies:
      node-addon-api: 7.1.1
